
Microsoft Visual Studio Solution File, Format Version 12.00
# Visual Studio Version 16
VisualStudioVersion = 16.0.29709.97
MinimumVisualStudioVersion = 10.0.40219.1
Project("{9A19103F-16F7-4668-BE54-9A1E7A4F7556}") = "Superfluid", "Superfluid\Superfluid.csproj", "{992465D4-B533-4E3E-85CD-BDF5585F9D72}"
EndProject
Global
	GlobalSection(SolutionConfigurationPlatforms) = preSolution
		Debug|Any CPU = Debug|Any CPU
		Release|Any CPU = Release|Any CPU
	EndGlobalSection
	GlobalSection(ProjectConfigurationPlatforms) = postSolution
		{992465D4-B533-4E3E-85CD-BDF5585F9D72}.Debug|Any CPU.ActiveCfg = Debug|Any CPU
		{992465D4-B533-4E3E-85CD-BDF5585F9D72}.Debug|Any CPU.Build.0 = Debug|Any CPU
		{992465D4-B533-4E3E-85CD-BDF5585F9D72}.Release|Any CPU.ActiveCfg = Release|Any CPU
		{992465D4-B533-4E3E-85CD-BDF5585F9D72}.Release|Any CPU.Build.0 = Release|Any CPU
	EndGlobalSection
	GlobalSection(SolutionProperties) = preSolution
		HideSolutionNode = FALSE
	EndGlobalSection
	GlobalSection(ExtensibilityGlobals) = postSolution
		SolutionGuid = {E22D6DE7-BAC1-4562-B16A-4FFEBDFC8B7D}
	EndGlobalSection
EndGlobal
